
Microsoft Visual Studio Solution File, Format Version 12.00
# Visual Studio Version 17
VisualStudioVersion = 17.2.32630.192
MinimumVisualStudioVersion = 10.0.40219.1
Project("{FAE04EC0-301F-11D3-BF4B-00C04F79EFBC}") = "GoldTracker", "GoldTracker\GoldTracker.csproj", "{2DAE1AA0-A4C6-42CE-8444-C202767EF050}"
EndProject
Global
	GlobalSection(SolutionConfigurationPlatforms) = preSolution
		Debug|Any CPU = Debug|Any CPU
		Release|Any CPU = Release|Any CPU
	EndGlobalSection
	GlobalSection(ProjectConfigurationPlatforms) = postSolution
		{2DAE1AA0-A4C6-42CE-8444-C202767EF050}.Debug|Any CPU.ActiveCfg = Debug|Any CPU
		{2DAE1AA0-A4C6-42CE-8444-C202767EF050}.Debug|Any CPU.Build.0 = Debug|Any CPU
		{2DAE1AA0-A4C6-42CE-8444-C202767EF050}.Release|Any CPU.ActiveCfg = Release|Any CPU
		{2DAE1AA0-A4C6-42CE-8444-C202767EF050}.Release|Any CPU.Build.0 = Release|Any CPU
	EndGlobalSection
	GlobalSection(SolutionProperties) = preSolution
		HideSolutionNode = FALSE
	EndGlobalSection
	GlobalSection(ExtensibilityGlobals) = postSolution
		SolutionGuid = {9BD5D550-3009-43B7-A3EA-FC5484F6C110}
	EndGlobalSection
EndGlobal
